
Microsoft Visual Studio Solution File, Format Version 12.00
# Visual Studio Version 16
VisualStudioVersion = 16.0.30330.147
MinimumVisualStudioVersion = 10.0.40219.1
Project("{9A19103F-16F7-4668-BE54-9A1E7A4F7556}") = "CellED", "CellED.csproj", "{689D4975-146E-490C-8D2F-8C5495A3EE04}"
EndProject
Global
	GlobalSection(SolutionConfigurationPlatforms) = preSolution
		Debug|Any CPU = Debug|Any CPU
		Release|Any CPU = Release|Any CPU
	EndGlobalSection
	GlobalSection(ProjectConfigurationPlatforms) = postSolution
		{689D4975-146E-490C-8D2F-8C5495A3EE04}.Debug|Any CPU.ActiveCfg = Debug|Any CPU
		{689D4975-146E-490C-8D2F-8C5495A3EE04}.Debug|Any CPU.Build.0 = Debug|Any CPU
		{689D4975-146E-490C-8D2F-8C5495A3EE04}.Release|Any CPU.ActiveCfg = Release|Any CPU
		{689D4975-146E-490C-8D2F-8C5495A3EE04}.Release|Any CPU.Build.0 = Release|Any CPU
	EndGlobalSection
	GlobalSection(SolutionProperties) = preSolution
		HideSolutionNode = FALSE
	EndGlobalSection
	GlobalSection(ExtensibilityGlobals) = postSolution
		SolutionGuid = {B1D7272B-08AF-4049-B976-5CA819DF71D1}
	EndGlobalSection
EndGlobal
